Microsoft Visual Studio Solution File, Format Version 12.00
# Visual Studio Version 17
VisualStudioVersion = 17.5.2.0
MinimumVisualStudioVersion = 10.0.40219.1
Project("{FAE04EC0-301F-11D3-BF4B-00C04F79EFBC}") = "RE_DisablePostProcessingEffects", "RE_DisablePostProcessingEffects\Shared\RE_DisablePostProcessingEffects.csproj", "{28B75EE7-E8F6-D910-5BF9-EC53C2D0D152}"
EndProject
Global
	GlobalSection(SolutionConfigurationPlatforms) = preSolution
		Debug|RE9 = Debug|RE9
		Debug|PRAGMATA = Debug|PRAGMATA
		Release|RE9 = Release|RE9
		Release|PRAGMATA = Release|PRAGMATA
	EndGlobalSection
	GlobalSection(ProjectConfigurationPlatforms) = postSolution
		{28B75EE7-E8F6-D910-5BF9-EC53C2D0D152}.Debug|RE9.ActiveCfg = Debug|RE9
		{28B75EE7-E8F6-D910-5BF9-EC53C2D0D152}.Debug|RE9.Build.0 = Debug|RE9
		{28B75EE7-E8F6-D910-5BF9-EC53C2D0D152}.Debug|PRAGMATA.ActiveCfg = Debug|PRAGMATA
		{28B75EE7-E8F6-D910-5BF9-EC53C2D0D152}.Debug|PRAGMATA.Build.0 = Debug|PRAGMATA
		{28B75EE7-E8F6-D910-5BF9-EC53C2D0D152}.Release|RE9.ActiveCfg = Release|RE9
		{28B75EE7-E8F6-D910-5BF9-EC53C2D0D152}.Release|RE9.Build.0 = Release|RE9
		{28B75EE7-E8F6-D910-5BF9-EC53C2D0D152}.Release|PRAGMATA.ActiveCfg = Release|PRAGMATA
		{28B75EE7-E8F6-D910-5BF9-EC53C2D0D152}.Release|PRAGMATA.Build.0 = Release|PRAGMATA
	EndGlobalSection
	GlobalSection(SolutionProperties) = preSolution
		HideSolutionNode = FALSE
	EndGlobalSection
	GlobalSection(ExtensibilityGlobals) = postSolution
		SolutionGuid = {9C108FB2-704F-4E15-91E1-84C15E6C1884}
	EndGlobalSection
EndGlobal
